// !$*UTF8*$!
{
	archiveVersion = 1;
	classes = {
	};
	objectVersion = 46;
	objects = {

/* Begin PBXBuildFile section */
		975617B71E604DA300F8C141 /* AppDelegate.swift in Sources */ = {isa = PBXBuildFile; fileRef = 975617B61E604DA300F8C141 /* AppDelegate.swift */; };
		975617B91E604DA400F8C141 /* ViewController.swift in Sources */ = {isa = PBXBuildFile; fileRef = 975617B81E604DA400F8C141 /* ViewController.swift */; };
		975617BC1E604DA400F8C141 /* Main.storyboard in Resources */ = {isa = PBXBuildFile; fileRef = 975617BA1E604DA400F8C141 /* Main.storyboard */; };
		975617BE1E604DA400F8C141 /* Assets.xcassets in Resources */ = {isa = PBXBuildFile; fileRef = 975617BD1E604DA400F8C141 /* Assets.xcassets */; };
		975617C11E604DA400F8C141 /* LaunchScreen.storyboard in Resources */ = {isa = PBXBuildFile; fileRef = 975617BF1E604DA400F8C141 /* LaunchScreen.storyboard */; };
/* End PBXBuildFile section */

/* Begin PBXFileReference section */
		975617B31E604DA300F8C141 /* FastShoppingList.app */ = {isa = PBXFileReference; explicitFileType = wrapper.application; includeInIndex = 0; path = FastShoppingList.app; sourceTree = BUILT_PRODUCTS_DIR; };
		975617B61E604DA300F8C141 /* AppDelegate.swift */ = {isa = PBXFileReference; lastKnownFileType = sourcecode.swift; path = AppDelegate.swift; sourceTree = "<group>"; };
		975617B81E604DA400F8C141 /* ViewController.swift */ = {isa = PBXFileReference; lastKnownFileType = sourcecode.swift; path = ViewController.swift; sourceTree = "<group>"; };
		975617BB1E604DA400F8C141 /* Base */ = {isa = PBXFileReference; lastKnownFileType = file.storyboard; name = Base; path = Base.lproj/Main.storyboard; sourceTree = "<group>"; };
		975617BD1E604DA400F8C141 /* Assets.xcassets */ = {isa = PBXFileReference; lastKnownFileType = folder.assetcatalog; path = Assets.xcassets; sourceTree = "<group>"; };
		975617C01E604DA400F8C141 /* Base */ = {isa = PBXFileReference; lastKnownFileType = file.storyboard; name = Base; path = Base.lproj/LaunchScreen.storyboard; sourceTree = "<group>"; };
		975617C21E604DA400F8C141 /* Info.plist */ = {isa = PBXFileReference; lastKnownFileType = text.plist.xml; path = Info.plist; sourceTree = "<group>"; };
/* End PBXFileReference section */

/* Begin PBXFrameworksBuildPhase section */
		975617B01E604DA300F8C141 /* Frameworks */ = {
			isa = PBXFrameworksBuildPhase;
			buildActionMask = 2147483647;
			files = (
			);
			runOnlyForDeploymentPostprocessing = 0;
		};
/* End PBXFrameworksBuildPhase section */

/* Begin PBXGroup section */
		975617AA1E604DA300F8C141 = {
			isa = PBXGroup;
			children = (
				975617B51E604DA300F8C141 /* FastShoppingList */,
				975617B41E604DA300F8C141 /* Products */,
			);
			sourceTree = "<group>";
		};
		975617B41E604DA300F8C141 /* Products */ = {
			isa = PBXGroup;
			children = (
				975617B31E604DA300F8C141 /* FastShoppingList.app */,
			);
			name = Products;
			sourceTree = "<group>";
		};
		975617B51E604DA300F8C141 /* FastShoppingList */ = {
			isa = PBXGroup;
			children = (
				975617B61E604DA300F8C141 /* AppDelegate.swift */,
				975617B81E604DA400F8C141 /* ViewController.swift */,
				975617BA1E604DA400F8C141 /* Main.storyboard */,
				975617BD1E604DA400F8C141 /* Assets.xcassets */,
				975617BF1E604DA400F8C141 /* LaunchScreen.storyboard */,
				975617C21E604DA400F8C141 /* Info.plist */,
			);
			path = FastShoppingList;
			sourceTree = "<group>";
		};
/* End PBXGroup section */

/* Begin PBXNativeTarget section */
		975617B21E604DA300F8C141 /* FastShoppingList */ = {
			isa = PBXNativeTarget;
			buildConfigurationList = 975617C51E604DA400F8C141 /* Build configuration list for PBXNativeTarget "FastShoppingList" */;
			buildPhases = (
				975617AF1E604DA300F8C141 /* Sources */,
				975617B01E604DA300F8C141 /* Frameworks */,
				975617B11E604DA300F8C141 /* Resources */,
			);
			buildRules = (
			);
			dependencies = (
			);
			name = FastShoppingList;
			productName = FastShoppingList;
			productReference = 975617B31E604DA300F8C141 /* FastShoppingList.app */;
			productType = "com.apple.product-type.application";
		};
/* End PBXNativeTarget section */

/* Begin PBXProject section */
		975617AB1E604DA300F8C141 /* Project object */ = {
			isa = PBXProject;
			attributes = {
				LastSwiftUpdateCheck = 0820;
				LastUpgradeCheck = 0820;
				ORGANIZATIONNAME = "Nicola Fiorillo";
				TargetAttributes = {
					975617B21E604DA300F8C141 = {
						CreatedOnToolsVersion = 8.2.1;
						DevelopmentTeam = DAKLZJ97S7;
						ProvisioningStyle = Automatic;
					};
				};
			};
			buildConfigurationList = 975617AE1E604DA300F8C141 /* Build configuration list for PBXProject "FastShoppingList" */;
			compatibilityVersion = "Xcode 3.2";
			developmentRegion = English;
			hasScannedForEncodings = 0;
			knownRegions = (
				en,
				Base,
			);
			mainGroup = 975617AA1E604DA300F8C141;
			productRefGroup = 975617B41E604DA300F8C141 /* Products */;
			projectDirPath = "";
			projectRoot = "";
			targets = (
				975617B21E604DA300F8C141 /* FastShoppingList */,
			);
		};
/* End PBXProject section */

/* Begin PBXResourcesBuildPhase section */
		975617B11E604DA300F8C141 /* Resources */ = {
			isa = PBXResourcesBuildPhase;
			buildActionMask = 2147483647;
			files = (
				975617C11E604DA400F8C141 /* LaunchScreen.storyboard in Resources */,
				975617BE1E604DA400F8C141 /* Assets.xcassets in Resources */,
				975617BC1E604DA400F8C141 /* Main.storyboard in Resources */,
			);
			runOnlyForDeploymentPostprocessing = 0;
		};
/* End PBXResourcesBuildPhase section */

/* Begin PBXSourcesBuildPhase section */
		975617AF1E604DA300F8C141 /* Sources */ = {
			isa = PBXSourcesBuildPhase;
			buildActionMask = 2147483647;
			files = (
				975617B91E604DA400F8C141 /* ViewController.swift in Sources */,
				975617B71E604DA300F8C141 /* AppDelegate.swift in Sources */,
			);
			runOnlyForDeploymentPostprocessing = 0;
		};
/* End PBXSourcesBuildPhase section */

/* Begin PBXVariantGroup section */
		975617BA1E604DA400F8C141 /* Main.storyboard */ = {
			isa = PBXVariantGroup;
			children = (
				975617BB1E604DA400F8C141 /* Base */,
			);
			name = Main.storyboard;
			sourceTree = "<group>";
		};
		975617BF1E604DA400F8C141 /* LaunchScreen.storyboard */ = {
			isa = PBXVariantGroup;
			children = (
				975617C01E604DA400F8C141 /* Base */,
			);
			name = LaunchScreen.storyboard;
			sourceTree = "<group>";
		};
/* End PBXVariantGroup section */

/* Begin XCBuildConfiguration section */
		975617C31E604DA400F8C141 /* Debug */ = {
			isa = XCBuildConfiguration;
			buildSettings = {
				ALWAYS_SEARCH_USER_PATHS = NO;
				CLANG_ANALYZER_NONNULL = YES;
				CLANG_CXX_LANGUAGE_STANDARD = "gnu++0x";
				CLANG_CXX_LIBRARY = "libc++";
				CLANG_ENABLE_MODULES = YES;
				CLANG_ENABLE_OBJC_ARC = YES;
				CLANG_WARN_BOOL_CONVERSION = YES;
				CLANG_WARN_CONSTANT_CONVERSION = YES;
				CLANG_WARN_DIRECT_OBJC_ISA_USAGE = YES_ERROR;
				CLANG_WARN_DOCUMENTATION_COMMENTS = YES;
				CLANG_WARN_EMPTY_BODY = YES;
				CLANG_WARN_ENUM_CONVERSION = YES;
				CLANG_WARN_INFINITE_RECURSION = YES;
				CLANG_WARN_INT_CONVERSION = YES;
				CLANG_WARN_OBJC_ROOT_CLASS = YES_ERROR;
				CLANG_WARN_SUSPICIOUS_MOVE = YES;
				CLANG_WARN_UNREACHABLE_CODE = YES;
				CLANG_WARN__DUPLICATE_METHOD_MATCH = YES;
				"CODE_SIGN_IDENTITY[sdk=iphoneos*]" = "iPhone Developer";
				COPY_PHASE_STRIP = NO;
				DEBUG_INFORMATION_FORMAT = dwarf;
				ENABLE_STRICT_OBJC_MSGSEND = YES;
				ENABLE_TESTABILITY = YES;
				GCC_C_LANGUAGE_STANDARD = gnu99;
				GCC_DYNAMIC_NO_PIC = NO;
				GCC_NO_COMMON_BLOCKS = YES;
				GCC_OPTIMIZATION_LEVEL = 0;
				GCC_PREPROCESSOR_DEFINITIONS = (
					"DEBUG=1",
					"$(inherited)",
				);
				GCC_WARN_64_TO_32_BIT_CONVERSION = YES;
				GCC_WARN_ABOUT_RETURN_TYPE = YES_ERROR;
				GCC_WARN_UNDECLARED_SELECTOR = YES;
				GCC_WARN_UNINITIALIZED_AUTOS = YES_AGGRESSIVE;
				GCC_WARN_UNUSED_FUNCTION = YES;
				GCC_WARN_UNUSED_VARIABLE = YES;
				IPHONEOS_DEPLOYMENT_TARGET = 10.2;
				MTL_ENABLE_DEBUG_INFO = YES;
				ONLY_ACTIVE_ARCH = YES;
				SDKROOT = iphoneos;
				SWIFT_ACTIVE_COMPILATION_CONDITIONS = DEBUG;
				SWIFT_OPTIMIZATION_LEVEL = "-Onone";
				TARGETED_DEVICE_FAMILY = "1,2";
			};
			name = Debug;
		};
		975617C41E604DA400F8C141 /* Release */ = {
			isa = XCBuildConfiguration;
			buildSettings = {
				ALWAYS_SEARCH_USER_PATHS = NO;
				CLANG_ANALYZER_NONNULL = YES;
				CLANG_CXX_LANGUAGE_STANDARD = "gnu++0x";
				CLANG_CXX_LIBRARY = "libc++";
				CLANG_ENABLE_MODULES = YES;
				CLANG_ENABLE_OBJC_ARC = YES;
				CLANG_WARN_BOOL_CONVERSION = YES;
				CLANG_WARN_CONSTANT_CONVERSION = YES;
				CLANG_WARN_DIRECT_OBJC_ISA_USAGE = YES_ERROR;
				CLANG_WARN_DOCUMENTATION_COMMENTS = YES;
				CLANG_WARN_EMPTY_BODY = YES;
				CLANG_WARN_ENUM_CONVERSION = YES;
				CLANG_WARN_INFINITE_RECURSION = YES;
				CLANG_WARN_INT_CONVERSION = YES;
				CLANG_WARN_OBJC_ROOT_CLASS = YES_ERROR;
				CLANG_WARN_SUSPICIOUS_MOVE = YES;
				CLANG_WARN_UNREACHABLE_CODE = YES;
				CLANG_WARN__DUPLICATE_METHOD_MATCH = YES;
				"CODE_SIGN_IDENTITY[sdk=iphoneos*]" = "iPhone Developer";
				COPY_PHASE_STRIP = NO;
				DEBUG_INFORMATION_FORMAT = "dwarf-with-dsym";
				ENABLE_NS_ASSERTIONS = NO;
				ENABLE_STRICT_OBJC_MSGSEND = YES;
				GCC_C_LANGUAGE_STANDARD = gnu99;
				GCC_NO_COMMON_BLOCKS = YES;
				GCC_WARN_64_TO_32_BIT_CONVERSION = YES;
				GCC_WARN_ABOUT_RETURN_TYPE = YES_ERROR;
				GCC_WARN_UNDECLARED_SELECTOR = YES;
				GCC_WARN_UNINITIALIZED_AUTOS = YES_AGGRESSIVE;
				GCC_WARN_UNUSED_FUNCTION = YES;
				GCC_WARN_UNUSED_VARIABLE = YES;
				IPHONEOS_DEPLOYMENT_TARGET = 10.2;
				MTL_ENABLE_DEBUG_INFO = NO;
				SDKROOT = iphoneos;
				SWIFT_OPTIMIZATION_LEVEL = "-Owholemodule";
				TARGETED_DEVICE_FAMILY = "1,2";
				VALIDATE_PRODUCT = YES;
			};
			name = Release;
		};
		975617C61E604DA400F8C141 /* Debug */ = {
			isa = XCBuildConfiguration;
			buildSettings = {
				ASSETCATALOG_COMPILER_APPICON_NAME = AppIcon;
				DEVELOPMENT_TEAM = DAKLZJ97S7;
				INFOPLIST_FILE = FastShoppingList/Info.plist;
				LD_RUNPATH_SEARCH_PATHS = "$(inherited) @executable_path/Frameworks";
				PRODUCT_BUNDLE_IDENTIFIER = it.nicolafiorillo.FastShoppingList;
				PRODUCT_NAME = "$(TARGET_NAME)";
				SWIFT_VERSION = 3.0;
			};
			name = Debug;
		};
		975617C71E604DA400F8C141 /* Release */ = {
			isa = XCBuildConfiguration;
			buildSettings = {
				ASSETCATALOG_COMPILER_APPICON_NAME = AppIcon;
				DEVELOPMENT_TEAM = DAKLZJ97S7;
				INFOPLIST_FILE = FastShoppingList/Info.plist;
				LD_RUNPATH_SEARCH_PATHS = "$(inherited) @executable_path/Frameworks";
				PRODUCT_BUNDLE_IDENTIFIER = it.nicolafiorillo.FastShoppingList;
				PRODUCT_NAME = "$(TARGET_NAME)";
				SWIFT_VERSION = 3.0;
			};
			name = Release;
		};
/* End XCBuildConfiguration section */

/* Begin XCConfigurationList section */
		975617AE1E604DA300F8C141 /* Build configuration list for PBXProject "FastShoppingList" */ = {
			isa = XCConfigurationList;
			buildConfigurations = (
				975617C31E604DA400F8C141 /* Debug */,
				975617C41E604DA400F8C141 /* Release */,
			);
			defaultConfigurationIsVisible = 0;
			defaultConfigurationName = Release;
		};
		975617C51E604DA400F8C141 /* Build configuration list for PBXNativeTarget "FastShoppingList" */ = {
			isa = XCConfigurationList;
			buildConfigurations = (
				975617C61E604DA400F8C141 /* Debug */,
				975617C71E604DA400F8C141 /* Release */,
			);
			defaultConfigurationIsVisible = 0;
		};
/* End XCConfigurationList section */
	};
	rootObject = 975617AB1E604DA300F8C141 /* Project object */;
}
